// !$*UTF8*$!
{
	archiveVersion = 1;
	classes = {
	};
	objectVersion = 55;
	objects = {

/* Begin PBXBuildFile section */
		1B5988B22767F7FA00C312B9 /* OnboardingView.swift in Sources */ = {isa = PBXBuildFile; fileRef = 1B5988B12767F7FA00C312B9 /* OnboardingView.swift */; };
		1B5988B62767F87000C312B9 /* HomeView.swift in Sources */ = {isa = PBXBuildFile; fileRef = 1B5988B52767F87000C312B9 /* HomeView.swift */; };
		1B5988B8276810B900C312B9 /* CircleGroupView.swift in Sources */ = {isa = PBXBuildFile; fileRef = 1B5988B7276810B900C312B9 /* CircleGroupView.swift */; };
		1B8AB44327695142008B152F /* AudioPlayer.swift in Sources */ = {isa = PBXBuildFile; fileRef = 1B8AB44227695142008B152F /* AudioPlayer.swift */; };
		1B8AB445276953F3008B152F /* Sounds in Resources */ = {isa = PBXBuildFile; fileRef = 1B8AB444276953F3008B152F /* Sounds */; };
		1B8AB447276957C9008B152F /* chimeup.mp3 in Resources */ = {isa = PBXBuildFile; fileRef = 1B8AB446276957C9008B152F /* chimeup.mp3 */; };
		1B8AB449276957D5008B152F /* success.m4a in Resources */ = {isa = PBXBuildFile; fileRef = 1B8AB448276957D5008B152F /* success.m4a */; };
		1BE91A152767F410009D9E87 /* SwiftUI_P1App.swift in Sources */ = {isa = PBXBuildFile; fileRef = 1BE91A142767F410009D9E87 /* SwiftUI_P1App.swift */; };
		1BE91A172767F410009D9E87 /* ContentView.swift in Sources */ = {isa = PBXBuildFile; fileRef = 1BE91A162767F410009D9E87 /* ContentView.swift */; };
		1BE91A192767F410009D9E87 /* Assets.xcassets in Resources */ = {isa = PBXBuildFile; fileRef = 1BE91A182767F410009D9E87 /* Assets.xcassets */; };
		1BE91A1C2767F410009D9E87 /* Preview Assets.xcassets in Resources */ = {isa = PBXBuildFile; fileRef = 1BE91A1B2767F410009D9E87 /* Preview Assets.xcassets */; };
/* End PBXBuildFile section */

/* Begin PBXFileReference section */
		1B5988AF2767F73D00C312B9 /* SwiftUI-P1-Info.plist */ = {isa = PBXFileReference; lastKnownFileType = text.plist; path = "SwiftUI-P1-Info.plist"; sourceTree = SOURCE_ROOT; };
		1B5988B12767F7FA00C312B9 /* OnboardingView.swift */ = {isa = PBXFileReference; lastKnownFileType = sourcecode.swift; path = OnboardingView.swift; sourceTree = "<group>"; };
		1B5988B52767F87000C312B9 /* HomeView.swift */ = {isa = PBXFileReference; lastKnownFileType = sourcecode.swift; path = HomeView.swift; sourceTree = "<group>"; };
		1B5988B7276810B900C312B9 /* CircleGroupView.swift */ = {isa = PBXFileReference; lastKnownFileType = sourcecode.swift; path = CircleGroupView.swift; sourceTree = "<group>"; };
		1B8AB44227695142008B152F /* AudioPlayer.swift */ = {isa = PBXFileReference; lastKnownFileType = sourcecode.swift; path = AudioPlayer.swift; sourceTree = "<group>"; };
		1B8AB444276953F3008B152F /* Sounds */ = {isa = PBXFileReference; lastKnownFileType = folder; path = Sounds; sourceTree = "<group>"; };
		1B8AB446276957C9008B152F /* chimeup.mp3 */ = {isa = PBXFileReference; lastKnownFileType = audio.mp3; name = chimeup.mp3; path = SwiftUI_P1/Sounds/chimeup.mp3; sourceTree = "<group>"; };
		1B8AB448276957D5008B152F /* success.m4a */ = {isa = PBXFileReference; lastKnownFileType = file; name = success.m4a; path = SwiftUI_P1/Sounds/success.m4a; sourceTree = "<group>"; };
		1BE91A112767F410009D9E87 /* SwiftUI_P1.app */ = {isa = PBXFileReference; explicitFileType = wrapper.application; includeInIndex = 0; path = SwiftUI_P1.app; sourceTree = BUILT_PRODUCTS_DIR; };
		1BE91A142767F410009D9E87 /* SwiftUI_P1App.swift */ = {isa = PBXFileReference; lastKnownFileType = sourcecode.swift; path = SwiftUI_P1App.swift; sourceTree = "<group>"; };
		1BE91A162767F410009D9E87 /* ContentView.swift */ = {isa = PBXFileReference; lastKnownFileType = sourcecode.swift; path = ContentView.swift; sourceTree = "<group>"; };
		1BE91A182767F410009D9E87 /* Assets.xcassets */ = {isa = PBXFileReference; lastKnownFileType = folder.assetcatalog; path = Assets.xcassets; sourceTree = "<group>"; };
		1BE91A1B2767F410009D9E87 /* Preview Assets.xcassets */ = {isa = PBXFileReference; lastKnownFileType = folder.assetcatalog; path = "Preview Assets.xcassets"; sourceTree = "<group>"; };
/* End PBXFileReference section */

/* Begin PBXFrameworksBuildPhase section */
		1BE91A0E2767F410009D9E87 /* Frameworks */ = {
			isa = PBXFrameworksBuildPhase;
			buildActionMask = 2147483647;
			files = (
			);
			runOnlyForDeploymentPostprocessing = 0;
		};
/* End PBXFrameworksBuildPhase section */

/* Begin PBXGroup section */
		1B5988B02767F7C900C312B9 /* Screen */ = {
			isa = PBXGroup;
			children = (
				1BE91A162767F410009D9E87 /* ContentView.swift */,
				1B5988B12767F7FA00C312B9 /* OnboardingView.swift */,
				1B5988B52767F87000C312B9 /* HomeView.swift */,
			);
			path = Screen;
			sourceTree = "<group>";
		};
		1B5988B32767F82000C312B9 /* Utilities */ = {
			isa = PBXGroup;
			children = (
				1B8AB44227695142008B152F /* AudioPlayer.swift */,
			);
			path = Utilities;
			sourceTree = "<group>";
		};
		1B5988B42767F84900C312B9 /* View */ = {
			isa = PBXGroup;
			children = (
				1B5988B7276810B900C312B9 /* CircleGroupView.swift */,
			);
			path = View;
			sourceTree = "<group>";
		};
		1BE91A082767F410009D9E87 = {
			isa = PBXGroup;
			children = (
				1B8AB448276957D5008B152F /* success.m4a */,
				1B8AB446276957C9008B152F /* chimeup.mp3 */,
				1BE91A132767F410009D9E87 /* SwiftUI_P1 */,
				1BE91A122767F410009D9E87 /* Products */,
			);
			sourceTree = "<group>";
		};
		1BE91A122767F410009D9E87 /* Products */ = {
			isa = PBXGroup;
			children = (
				1BE91A112767F410009D9E87 /* SwiftUI_P1.app */,
			);
			name = Products;
			sourceTree = "<group>";
		};
		1BE91A132767F410009D9E87 /* SwiftUI_P1 */ = {
			isa = PBXGroup;
			children = (
				1B5988AF2767F73D00C312B9 /* SwiftUI-P1-Info.plist */,
				1BE91A142767F410009D9E87 /* SwiftUI_P1App.swift */,
				1B5988B02767F7C900C312B9 /* Screen */,
				1BE91A182767F410009D9E87 /* Assets.xcassets */,
				1BE91A1A2767F410009D9E87 /* Preview Content */,
				1B5988B32767F82000C312B9 /* Utilities */,
				1B8AB444276953F3008B152F /* Sounds */,
				1B5988B42767F84900C312B9 /* View */,
			);
			path = SwiftUI_P1;
			sourceTree = "<group>";
		};
		1BE91A1A2767F410009D9E87 /* Preview Content */ = {
			isa = PBXGroup;
			children = (
				1BE91A1B2767F410009D9E87 /* Preview Assets.xcassets */,
			);
			path = "Preview Content";
			sourceTree = "<group>";
		};
/* End PBXGroup section */

/* Begin PBXNativeTarget section */
		1BE91A102767F410009D9E87 /* SwiftUI_P1 */ = {
			isa = PBXNativeTarget;
			buildConfigurationList = 1BE91A1F2767F410009D9E87 /* Build configuration list for PBXNativeTarget "SwiftUI_P1" */;
			buildPhases = (
				1BE91A0D2767F410009D9E87 /* Sources */,
				1BE91A0E2767F410009D9E87 /* Frameworks */,
				1BE91A0F2767F410009D9E87 /* Resources */,
			);
			buildRules = (
			);
			dependencies = (
			);
			name = SwiftUI_P1;
			productName = SwiftUI_P1;
			productReference = 1BE91A112767F410009D9E87 /* SwiftUI_P1.app */;
			productType = "com.apple.product-type.application";
		};
/* End PBXNativeTarget section */

/* Begin PBXProject section */
		1BE91A092767F410009D9E87 /* Project object */ = {
			isa = PBXProject;
			attributes = {
				BuildIndependentTargetsInParallel = 1;
				LastSwiftUpdateCheck = 1310;
				LastUpgradeCheck = 1310;
				TargetAttributes = {
					1BE91A102767F410009D9E87 = {
						CreatedOnToolsVersion = 13.1;
					};
				};
			};
			buildConfigurationList = 1BE91A0C2767F410009D9E87 /* Build configuration list for PBXProject "SwiftUI_P1" */;
			compatibilityVersion = "Xcode 13.0";
			developmentRegion = en;
			hasScannedForEncodings = 0;
			knownRegions = (
				en,
				Base,
			);
			mainGroup = 1BE91A082767F410009D9E87;
			productRefGroup = 1BE91A122767F410009D9E87 /* Products */;
			projectDirPath = "";
			projectRoot = "";
			targets = (
				1BE91A102767F410009D9E87 /* SwiftUI_P1 */,
			);
		};
/* End PBXProject section */

/* Begin PBXResourcesBuildPhase section */
		1BE91A0F2767F410009D9E87 /* Resources */ = {
			isa = PBXResourcesBuildPhase;
			buildActionMask = 2147483647;
			files = (
				1B8AB449276957D5008B152F /* success.m4a in Resources */,
				1B8AB447276957C9008B152F /* chimeup.mp3 in Resources */,
				1B8AB445276953F3008B152F /* Sounds in Resources */,
				1BE91A1C2767F410009D9E87 /* Preview Assets.xcassets in Resources */,
				1BE91A192767F410009D9E87 /* Assets.xcassets in Resources */,
			);
			runOnlyForDeploymentPostprocessing = 0;
		};
/* End PBXResourcesBuildPhase section */

/* Begin PBXSourcesBuildPhase section */
		1BE91A0D2767F410009D9E87 /* Sources */ = {
			isa = PBXSourcesBuildPhase;
			buildActionMask = 2147483647;
			files = (
				1B5988B8276810B900C312B9 /* CircleGroupView.swift in Sources */,
				1B5988B22767F7FA00C312B9 /* OnboardingView.swift in Sources */,
				1B5988B62767F87000C312B9 /* HomeView.swift in Sources */,
				1BE91A172767F410009D9E87 /* ContentView.swift in Sources */,
				1BE91A152767F410009D9E87 /* SwiftUI_P1App.swift in Sources */,
				1B8AB44327695142008B152F /* AudioPlayer.swift in Sources */,
			);
			runOnlyForDeploymentPostprocessing = 0;
		};
/* End PBXSourcesBuildPhase section */

/* Begin XCBuildConfiguration section */
		1BE91A1D2767F410009D9E87 /* Debug */ = {
			isa = XCBuildConfiguration;
			buildSettings = {
				ALWAYS_SEARCH_USER_PATHS = NO;
				CLANG_ANALYZER_NONNULL = YES;
				CLANG_ANALYZER_NUMBER_OBJECT_CONVERSION = YES_AGGRESSIVE;
				CLANG_CXX_LANGUAGE_STANDARD = "gnu++17";
				CLANG_CXX_LIBRARY = "libc++";
				CLANG_ENABLE_MODULES = YES;
				CLANG_ENABLE_OBJC_ARC = YES;
				CLANG_ENABLE_OBJC_WEAK = YES;
				CLANG_WARN_BLOCK_CAPTURE_AUTORELEASING = YES;
				CLANG_WARN_BOOL_CONVERSION = YES;
				CLANG_WARN_COMMA = YES;
				CLANG_WARN_CONSTANT_CONVERSION = YES;
				CLANG_WARN_DEPRECATED_OBJC_IMPLEMENTATIONS = YES;
				CLANG_WARN_DIRECT_OBJC_ISA_USAGE = YES_ERROR;
				CLANG_WARN_DOCUMENTATION_COMMENTS = YES;
				CLANG_WARN_EMPTY_BODY = YES;
				CLANG_WARN_ENUM_CONVERSION = YES;
				CLANG_WARN_INFINITE_RECURSION = YES;
				CLANG_WARN_INT_CONVERSION = YES;
				CLANG_WARN_NON_LITERAL_NULL_CONVERSION = YES;
				CLANG_WARN_OBJC_IMPLICIT_RETAIN_SELF = YES;
				CLANG_WARN_OBJC_LITERAL_CONVERSION = YES;
				CLANG_WARN_OBJC_ROOT_CLASS = YES_ERROR;
				CLANG_WARN_QUOTED_INCLUDE_IN_FRAMEWORK_HEADER = YES;
				CLANG_WARN_RANGE_LOOP_ANALYSIS = YES;
				CLANG_WARN_STRICT_PROTOTYPES = YES;
				CLANG_WARN_SUSPICIOUS_MOVE = YES;
				CLANG_WARN_UNGUARDED_AVAILABILITY = YES_AGGRESSIVE;
				CLANG_WARN_UNREACHABLE_CODE = YES;
				CLANG_WARN__DUPLICATE_METHOD_MATCH = YES;
				COPY_PHASE_STRIP = NO;
				DEBUG_INFORMATION_FORMAT = dwarf;
				ENABLE_STRICT_OBJC_MSGSEND = YES;
				ENABLE_TESTABILITY = YES;
				GCC_C_LANGUAGE_STANDARD = gnu11;
				GCC_DYNAMIC_NO_PIC = NO;
				GCC_NO_COMMON_BLOCKS = YES;
				GCC_OPTIMIZATION_LEVEL = 0;
				GCC_PREPROCESSOR_DEFINITIONS = (
					"DEBUG=1",
					"$(inherited)",
				);
				GCC_WARN_64_TO_32_BIT_CONVERSION = YES;
				GCC_WARN_ABOUT_RETURN_TYPE = YES_ERROR;
				GCC_WARN_UNDECLARED_SELECTOR = YES;
				GCC_WARN_UNINITIALIZED_AUTOS = YES_AGGRESSIVE;
				GCC_WARN_UNUSED_FUNCTION = YES;
				GCC_WARN_UNUSED_VARIABLE = YES;
				IPHONEOS_DEPLOYMENT_TARGET = 15.0;
				MTL_ENABLE_DEBUG_INFO = INCLUDE_SOURCE;
				MTL_FAST_MATH = YES;
				ONLY_ACTIVE_ARCH = YES;
				SDKROOT = iphoneos;
				SWIFT_ACTIVE_COMPILATION_CONDITIONS = DEBUG;
				SWIFT_OPTIMIZATION_LEVEL = "-Onone";
			};
			name = Debug;
		};
		1BE91A1E2767F410009D9E87 /* Release */ = {
			isa = XCBuildConfiguration;
			buildSettings = {
				ALWAYS_SEARCH_USER_PATHS = NO;
				CLANG_ANALYZER_NONNULL = YES;
				CLANG_ANALYZER_NUMBER_OBJECT_CONVERSION = YES_AGGRESSIVE;
				CLANG_CXX_LANGUAGE_STANDARD = "gnu++17";
				CLANG_CXX_LIBRARY = "libc++";
				CLANG_ENABLE_MODULES = YES;
				CLANG_ENABLE_OBJC_ARC = YES;
				CLANG_ENABLE_OBJC_WEAK = YES;
				CLANG_WARN_BLOCK_CAPTURE_AUTORELEASING = YES;
				CLANG_WARN_BOOL_CONVERSION = YES;
				CLANG_WARN_COMMA = YES;
				CLANG_WARN_CONSTANT_CONVERSION = YES;
				CLANG_WARN_DEPRECATED_OBJC_IMPLEMENTATIONS = YES;
				CLANG_WARN_DIRECT_OBJC_ISA_USAGE = YES_ERROR;
				CLANG_WARN_DOCUMENTATION_COMMENTS = YES;
				CLANG_WARN_EMPTY_BODY = YES;
				CLANG_WARN_ENUM_CONVERSION = YES;
				CLANG_WARN_INFINITE_RECURSION = YES;
				CLANG_WARN_INT_CONVERSION = YES;
				CLANG_WARN_NON_LITERAL_NULL_CONVERSION = YES;
				CLANG_WARN_OBJC_IMPLICIT_RETAIN_SELF = YES;
				CLANG_WARN_OBJC_LITERAL_CONVERSION = YES;
				CLANG_WARN_OBJC_ROOT_CLASS = YES_ERROR;
				CLANG_WARN_QUOTED_INCLUDE_IN_FRAMEWORK_HEADER = YES;
				CLANG_WARN_RANGE_LOOP_ANALYSIS = YES;
				CLANG_WARN_STRICT_PROTOTYPES = YES;
				CLANG_WARN_SUSPICIOUS_MOVE = YES;
				CLANG_WARN_UNGUARDED_AVAILABILITY = YES_AGGRESSIVE;
				CLANG_WARN_UNREACHABLE_CODE = YES;
				CLANG_WARN__DUPLICATE_METHOD_MATCH = YES;
				COPY_PHASE_STRIP = NO;
				DEBUG_INFORMATION_FORMAT = "dwarf-with-dsym";
				ENABLE_NS_ASSERTIONS = NO;
				ENABLE_STRICT_OBJC_MSGSEND = YES;
				GCC_C_LANGUAGE_STANDARD = gnu11;
				GCC_NO_COMMON_BLOCKS = YES;
				GCC_WARN_64_TO_32_BIT_CONVERSION = YES;
				GCC_WARN_ABOUT_RETURN_TYPE = YES_ERROR;
				GCC_WARN_UNDECLARED_SELECTOR = YES;
				GCC_WARN_UNINITIALIZED_AUTOS = YES_AGGRESSIVE;
				GCC_WARN_UNUSED_FUNCTION = YES;
				GCC_WARN_UNUSED_VARIABLE = YES;
				IPHONEOS_DEPLOYMENT_TARGET = 15.0;
				MTL_ENABLE_DEBUG_INFO = NO;
				MTL_FAST_MATH = YES;
				SDKROOT = iphoneos;
				SWIFT_COMPILATION_MODE = wholemodule;
				SWIFT_OPTIMIZATION_LEVEL = "-O";
				VALIDATE_PRODUCT = YES;
			};
			name = Release;
		};
		1BE91A202767F410009D9E87 /* Debug */ = {
			isa = XCBuildConfiguration;
			buildSettings = {
				ASSETCATALOG_COMPILER_APPICON_NAME = AppIcon;
				ASSETCATALOG_COMPILER_GLOBAL_ACCENT_COLOR_NAME = AccentColor;
				CODE_SIGN_STYLE = Automatic;
				CURRENT_PROJECT_VERSION = 1;
				DEVELOPMENT_ASSET_PATHS = "\"SwiftUI_P1/Preview Content\"";
				DEVELOPMENT_TEAM = DY24C2H8X3;
				ENABLE_PREVIEWS = YES;
				GENERATE_INFOPLIST_FILE = YES;
				INFOPLIST_FILE = "SwiftUI-P1-Info.plist";
				INFOPLIST_KEY_UIApplicationSceneManifest_Generation = YES;
				INFOPLIST_KEY_UIApplicationSupportsIndirectInputEvents = YES;
				INFOPLIST_KEY_UISupportedInterfaceOrientations = UIInterfaceOrientationPortrait;
				INFOPLIST_KEY_UISupportedInterfaceOrientations_iPad = "UIInterfaceOrientationPortrait UIInterfaceOrientationPortraitUpsideDown UIInterfaceOrientationLandscapeLeft UIInterfaceOrientationLandscapeRight";
				INFOPLIST_KEY_UISupportedInterfaceOrientations_iPhone = UIInterfaceOrientationPortrait;
				LD_RUNPATH_SEARCH_PATHS = (
					"$(inherited)",
					"@executable_path/Frameworks",
				);
				MARKETING_VERSION = 1.0;
				PRODUCT_BUNDLE_IDENTIFIER = "com.Aybatu.SwiftUI-P1";
				PRODUCT_NAME = "$(TARGET_NAME)";
				SWIFT_EMIT_LOC_STRINGS = YES;
				SWIFT_VERSION = 5.0;
				TARGETED_DEVICE_FAMILY = 1;
			};
			name = Debug;
		};
		1BE91A212767F410009D9E87 /* Release */ = {
			isa = XCBuildConfiguration;
			buildSettings = {
				ASSETCATALOG_COMPILER_APPICON_NAME = AppIcon;
				ASSETCATALOG_COMPILER_GLOBAL_ACCENT_COLOR_NAME = AccentColor;
				CODE_SIGN_STYLE = Automatic;
				CURRENT_PROJECT_VERSION = 1;
				DEVELOPMENT_ASSET_PATHS = "\"SwiftUI_P1/Preview Content\"";
				DEVELOPMENT_TEAM = DY24C2H8X3;
				ENABLE_PREVIEWS = YES;
				GENERATE_INFOPLIST_FILE = YES;
				INFOPLIST_FILE = "SwiftUI-P1-Info.plist";
				INFOPLIST_KEY_UIApplicationSceneManifest_Generation = YES;
				INFOPLIST_KEY_UIApplicationSupportsIndirectInputEvents = YES;
				INFOPLIST_KEY_UISupportedInterfaceOrientations = UIInterfaceOrientationPortrait;
				INFOPLIST_KEY_UISupportedInterfaceOrientations_iPad = "UIInterfaceOrientationPortrait UIInterfaceOrientationPortraitUpsideDown UIInterfaceOrientationLandscapeLeft UIInterfaceOrientationLandscapeRight";
				INFOPLIST_KEY_UISupportedInterfaceOrientations_iPhone = UIInterfaceOrientationPortrait;
				LD_RUNPATH_SEARCH_PATHS = (
					"$(inherited)",
					"@executable_path/Frameworks",
				);
				MARKETING_VERSION = 1.0;
				PRODUCT_BUNDLE_IDENTIFIER = "com.Aybatu.SwiftUI-P1";
				PRODUCT_NAME = "$(TARGET_NAME)";
				SWIFT_EMIT_LOC_STRINGS = YES;
				SWIFT_VERSION = 5.0;
				TARGETED_DEVICE_FAMILY = 1;
			};
			name = Release;
		};
/* End XCBuildConfiguration section */

/* Begin XCConfigurationList section */
		1BE91A0C2767F410009D9E87 /* Build configuration list for PBXProject "SwiftUI_P1" */ = {
			isa = XCConfigurationList;
			buildConfigurations = (
				1BE91A1D2767F410009D9E87 /* Debug */,
				1BE91A1E2767F410009D9E87 /* Release */,
			);
			defaultConfigurationIsVisible = 0;
			defaultConfigurationName = Release;
		};
		1BE91A1F2767F410009D9E87 /* Build configuration list for PBXNativeTarget "SwiftUI_P1" */ = {
			isa = XCConfigurationList;
			buildConfigurations = (
				1BE91A202767F410009D9E87 /* Debug */,
				1BE91A212767F410009D9E87 /* Release */,
			);
			defaultConfigurationIsVisible = 0;
			defaultConfigurationName = Release;
		};
/* End XCConfigurationList section */
	};
	rootObject = 1BE91A092767F410009D9E87 /* Project object */;
}
